
Microsoft Visual Studio Solution File, Format Version 12.00
# Visual Studio Version 17
VisualStudioVersion = 17.5.33502.453
MinimumVisualStudioVersion = 10.0.40219.1
Project("{FAE04EC0-301F-11D3-BF4B-00C04F79EFBC}") = "PracticaHerencia", "PracticaHerencia\PracticaHerencia.csproj", "{880B9852-1859-40AF-886C-0D16F095564A}"
EndProject
Global
	GlobalSection(SolutionConfigurationPlatforms) = preSolution
		Debug|Any CPU = Debug|Any CPU
		Release|Any CPU = Release|Any CPU
	EndGlobalSection
	GlobalSection(ProjectConfigurationPlatforms) = postSolution
		{880B9852-1859-40AF-886C-0D16F095564A}.Debug|Any CPU.ActiveCfg = Debug|Any CPU
		{880B9852-1859-40AF-886C-0D16F095564A}.Debug|Any CPU.Build.0 = Debug|Any CPU
		{880B9852-1859-40AF-886C-0D16F095564A}.Release|Any CPU.ActiveCfg = Release|Any CPU
		{880B9852-1859-40AF-886C-0D16F095564A}.Release|Any CPU.Build.0 = Release|Any CPU
	EndGlobalSection
	GlobalSection(SolutionProperties) = preSolution
		HideSolutionNode = FALSE
	EndGlobalSection
	GlobalSection(ExtensibilityGlobals) = postSolution
		SolutionGuid = {C77126E6-3EF9-49AC-9699-385C05FE1EB0}
	EndGlobalSection
EndGlobal
